// !$*UTF8*$!
{
	archiveVersion = 1;
	classes = {
	};
	objectVersion = 51;
	objects = {

/* Begin PBXBuildFile section */
		70F798AD25B8DDDB006BEEF6 /* MyAuthorizationAppleIDButton.swift in Sources */ = {isa = PBXBuildFile; fileRef = 70F798AC25B8DDDB006BEEF6 /* MyAuthorizationAppleIDButton.swift */; };
		A7C5098625ACA8BA00CD702D /* AppDelegate.swift in Sources */ = {isa = PBXBuildFile; fileRef = A7C5098525ACA8BA00CD702D /* AppDelegate.swift */; };
		A7C5098825ACA8BA00CD702D /* SceneDelegate.swift in Sources */ = {isa = PBXBuildFile; fileRef = A7C5098725ACA8BA00CD702D /* SceneDelegate.swift */; };
		A7C5098A25ACA8BA00CD702D /* ViewController.swift in Sources */ = {isa = PBXBuildFile; fileRef = A7C5098925ACA8BA00CD702D /* ViewController.swift */; };
		A7C5098D25ACA8BA00CD702D /* Main.storyboard in Resources */ = {isa = PBXBuildFile; fileRef = A7C5098B25ACA8BA00CD702D /* Main.storyboard */; };
		A7C5098F25ACA8BE00CD702D /* Assets.xcassets in Resources */ = {isa = PBXBuildFile; fileRef = A7C5098E25ACA8BE00CD702D /* Assets.xcassets */; };
		A7C5099225ACA8BE00CD702D /* LaunchScreen.storyboard in Resources */ = {isa = PBXBuildFile; fileRef = A7C5099025ACA8BE00CD702D /* LaunchScreen.storyboard */; };
		A7C5099D25ACA8BE00CD702D /* EduFinanceTests.swift in Sources */ = {isa = PBXBuildFile; fileRef = A7C5099C25ACA8BE00CD702D /* EduFinanceTests.swift */; };
		A7C509A825ACA8BE00CD702D /* EduFinanceUITests.swift in Sources */ = {isa = PBXBuildFile; fileRef = A7C509A725ACA8BE00CD702D /* EduFinanceUITests.swift */; };
/* End PBXBuildFile section */

/* Begin PBXContainerItemProxy section */
		A7C5099925ACA8BE00CD702D /* PBXContainerItemProxy */ = {
			isa = PBXContainerItemProxy;
			containerPortal = A7C5097A25ACA8BA00CD702D /* Project object */;
			proxyType = 1;
			remoteGlobalIDString = A7C5098125ACA8BA00CD702D;
			remoteInfo = EduFinance;
		};
		A7C509A425ACA8BE00CD702D /* PBXContainerItemProxy */ = {
			isa = PBXContainerItemProxy;
			containerPortal = A7C5097A25ACA8BA00CD702D /* Project object */;
			proxyType = 1;
			remoteGlobalIDString = A7C5098125ACA8BA00CD702D;
			remoteInfo = EduFinance;
		};
/* End PBXContainerItemProxy section */

/* Begin PBXFileReference section */
		70F798A825B8DAE7006BEEF6 /* EduFinance.entitlements */ = {isa = PBXFileReference; lastKnownFileType = text.plist.entitlements; path = EduFinance.entitlements; sourceTree = "<group>"; };
		70F798AC25B8DDDB006BEEF6 /* MyAuthorizationAppleIDButton.swift */ = {isa = PBXFileReference; lastKnownFileType = sourcecode.swift; path = MyAuthorizationAppleIDButton.swift; sourceTree = "<group>"; };
		A7C5098225ACA8BA00CD702D /* EduFinance.app */ = {isa = PBXFileReference; explicitFileType = wrapper.application; includeInIndex = 0; path = EduFinance.app; sourceTree = BUILT_PRODUCTS_DIR; };
		A7C5098525ACA8BA00CD702D /* AppDelegate.swift */ = {isa = PBXFileReference; lastKnownFileType = sourcecode.swift; path = AppDelegate.swift; sourceTree = "<group>"; };
		A7C5098725ACA8BA00CD702D /* SceneDelegate.swift */ = {isa = PBXFileReference; lastKnownFileType = sourcecode.swift; path = SceneDelegate.swift; sourceTree = "<group>"; };
		A7C5098925ACA8BA00CD702D /* ViewController.swift */ = {isa = PBXFileReference; lastKnownFileType = sourcecode.swift; path = ViewController.swift; sourceTree = "<group>"; };
		A7C5098C25ACA8BA00CD702D /* Base */ = {isa = PBXFileReference; lastKnownFileType = file.storyboard; name = Base; path = Base.lproj/Main.storyboard; sourceTree = "<group>"; };
		A7C5098E25ACA8BE00CD702D /* Assets.xcassets */ = {isa = PBXFileReference; lastKnownFileType = folder.assetcatalog; path = Assets.xcassets; sourceTree = "<group>"; };
		A7C5099125ACA8BE00CD702D /* Base */ = {isa = PBXFileReference; lastKnownFileType = file.storyboard; name = Base; path = Base.lproj/LaunchScreen.storyboard; sourceTree = "<group>"; };
		A7C5099325ACA8BE00CD702D /* Info.plist */ = {isa = PBXFileReference; lastKnownFileType = text.plist.xml; path = Info.plist; sourceTree = "<group>"; };
		A7C5099825ACA8BE00CD702D /* EduFinanceTests.xctest */ = {isa = PBXFileReference; explicitFileType = wrapper.cfbundle; includeInIndex = 0; path = EduFinanceTests.xctest; sourceTree = BUILT_PRODUCTS_DIR; };
		A7C5099C25ACA8BE00CD702D /* EduFinanceTests.swift */ = {isa = PBXFileReference; lastKnownFileType = sourcecode.swift; path = EduFinanceTests.swift; sourceTree = "<group>"; };
		A7C5099E25ACA8BE00CD702D /* Info.plist */ = {isa = PBXFileReference; lastKnownFileType = text.plist.xml; path = Info.plist; sourceTree = "<group>"; };
		A7C509A325ACA8BE00CD702D /* EduFinanceUITests.xctest */ = {isa = PBXFileReference; explicitFileType = wrapper.cfbundle; includeInIndex = 0; path = EduFinanceUITests.xctest; sourceTree = BUILT_PRODUCTS_DIR; };
		A7C509A725ACA8BE00CD702D /* EduFinanceUITests.swift */ = {isa = PBXFileReference; lastKnownFileType = sourcecode.swift; path = EduFinanceUITests.swift; sourceTree = "<group>"; };
		A7C509A925ACA8BE00CD702D /* Info.plist */ = {isa = PBXFileReference; lastKnownFileType = text.plist.xml; path = Info.plist; sourceTree = "<group>"; };
/* End PBXFileReference section */

/* Begin PBXFrameworksBuildPhase section */
		A7C5097F25ACA8BA00CD702D /* Frameworks */ = {
			isa = PBXFrameworksBuildPhase;
			buildActionMask = 2147483647;
			files = (
			);
			runOnlyForDeploymentPostprocessing = 0;
		};
		A7C5099525ACA8BE00CD702D /* Frameworks */ = {
			isa = PBXFrameworksBuildPhase;
			buildActionMask = 2147483647;
			files = (
			);
			runOnlyForDeploymentPostprocessing = 0;
		};
		A7C509A025ACA8BE00CD702D /* Frameworks */ = {
			isa = PBXFrameworksBuildPhase;
			buildActionMask = 2147483647;
			files = (
			);
			runOnlyForDeploymentPostprocessing = 0;
		};
/* End PBXFrameworksBuildPhase section */

/* Begin PBXGroup section */
		A7C5097925ACA8BA00CD702D = {
			isa = PBXGroup;
			children = (
				A7C5098425ACA8BA00CD702D /* EduFinance */,
				A7C5099B25ACA8BE00CD702D /* EduFinanceTests */,
				A7C509A625ACA8BE00CD702D /* EduFinanceUITests */,
				A7C5098325ACA8BA00CD702D /* Products */,
			);
			sourceTree = "<group>";
		};
		A7C5098325ACA8BA00CD702D /* Products */ = {
			isa = PBXGroup;
			children = (
				A7C5098225ACA8BA00CD702D /* EduFinance.app */,
				A7C5099825ACA8BE00CD702D /* EduFinanceTests.xctest */,
				A7C509A325ACA8BE00CD702D /* EduFinanceUITests.xctest */,
			);
			name = Products;
			sourceTree = "<group>";
		};
		A7C5098425ACA8BA00CD702D /* EduFinance */ = {
			isa = PBXGroup;
			children = (
				70F798A825B8DAE7006BEEF6 /* EduFinance.entitlements */,
				A7C5098525ACA8BA00CD702D /* AppDelegate.swift */,
				A7C5098725ACA8BA00CD702D /* SceneDelegate.swift */,
				A7C5098925ACA8BA00CD702D /* ViewController.swift */,
				A7C5098B25ACA8BA00CD702D /* Main.storyboard */,
				70F798AC25B8DDDB006BEEF6 /* MyAuthorizationAppleIDButton.swift */,
				A7C5098E25ACA8BE00CD702D /* Assets.xcassets */,
				A7C5099025ACA8BE00CD702D /* LaunchScreen.storyboard */,
				A7C5099325ACA8BE00CD702D /* Info.plist */,
			);
			path = EduFinance;
			sourceTree = "<group>";
		};
		A7C5099B25ACA8BE00CD702D /* EduFinanceTests */ = {
			isa = PBXGroup;
			children = (
				A7C5099C25ACA8BE00CD702D /* EduFinanceTests.swift */,
				A7C5099E25ACA8BE00CD702D /* Info.plist */,
			);
			path = EduFinanceTests;
			sourceTree = "<group>";
		};
		A7C509A625ACA8BE00CD702D /* EduFinanceUITests */ = {
			isa = PBXGroup;
			children = (
				A7C509A725ACA8BE00CD702D /* EduFinanceUITests.swift */,
				A7C509A925ACA8BE00CD702D /* Info.plist */,
			);
			path = EduFinanceUITests;
			sourceTree = "<group>";
		};
/* End PBXGroup section */

/* Begin PBXNativeTarget section */
		A7C5098125ACA8BA00CD702D /* EduFinance */ = {
			isa = PBXNativeTarget;
			buildConfigurationList = A7C509AC25ACA8BE00CD702D /* Build configuration list for PBXNativeTarget "EduFinance" */;
			buildPhases = (
				FBDFB2ACA27CF10289B0171B /* [CP] Check Pods Manifest.lock */,
				A7C5097E25ACA8BA00CD702D /* Sources */,
				A7C5097F25ACA8BA00CD702D /* Frameworks */,
				A7C5098025ACA8BA00CD702D /* Resources */,
				89336C47DEA5088F947B4D61 /* [CP] Embed Pods Frameworks */,
				22C14EE005E8C0283A1E99B0 /* [CP] Copy Pods Resources */,
			);
			buildRules = (
			);
			dependencies = (
			);
			name = EduFinance;
			productName = EduFinance;
			productReference = A7C5098225ACA8BA00CD702D /* EduFinance.app */;
			productType = "com.apple.product-type.application";
		};
		A7C5099725ACA8BE00CD702D /* EduFinanceTests */ = {
			isa = PBXNativeTarget;
			buildConfigurationList = A7C509AF25ACA8BE00CD702D /* Build configuration list for PBXNativeTarget "EduFinanceTests" */;
			buildPhases = (
				A7C5099425ACA8BE00CD702D /* Sources */,
				A7C5099525ACA8BE00CD702D /* Frameworks */,
				A7C5099625ACA8BE00CD702D /* Resources */,
			);
			buildRules = (
			);
			dependencies = (
				A7C5099A25ACA8BE00CD702D /* PBXTargetDependency */,
			);
			name = EduFinanceTests;
			productName = EduFinanceTests;
			productReference = A7C5099825ACA8BE00CD702D /* EduFinanceTests.xctest */;
			productType = "com.apple.product-type.bundle.unit-test";
		};
		A7C509A225ACA8BE00CD702D /* EduFinanceUITests */ = {
			isa = PBXNativeTarget;
			buildConfigurationList = A7C509B225ACA8BE00CD702D /* Build configuration list for PBXNativeTarget "EduFinanceUITests" */;
			buildPhases = (
				A7C5099F25ACA8BE00CD702D /* Sources */,
				A7C509A025ACA8BE00CD702D /* Frameworks */,
				A7C509A125ACA8BE00CD702D /* Resources */,
			);
			buildRules = (
			);
			dependencies = (
				A7C509A525ACA8BE00CD702D /* PBXTargetDependency */,
			);
			name = EduFinanceUITests;
			productName = EduFinanceUITests;
			productReference = A7C509A325ACA8BE00CD702D /* EduFinanceUITests.xctest */;
			productType = "com.apple.product-type.bundle.ui-testing";
		};
/* End PBXNativeTarget section */

/* Begin PBXProject section */
		A7C5097A25ACA8BA00CD702D /* Project object */ = {
			isa = PBXProject;
			attributes = {
				LastSwiftUpdateCheck = 1230;
				LastUpgradeCheck = 1230;
				TargetAttributes = {
					A7C5098125ACA8BA00CD702D = {
						CreatedOnToolsVersion = 12.3;
					};
					A7C5099725ACA8BE00CD702D = {
						CreatedOnToolsVersion = 12.3;
						TestTargetID = A7C5098125ACA8BA00CD702D;
					};
					A7C509A225ACA8BE00CD702D = {
						CreatedOnToolsVersion = 12.3;
						TestTargetID = A7C5098125ACA8BA00CD702D;
					};
				};
			};
			buildConfigurationList = A7C5097D25ACA8BA00CD702D /* Build configuration list for PBXProject "EduFinance 10.47.16 PM" */;
			compatibilityVersion = "Xcode 9.3";
			developmentRegion = en;
			hasScannedForEncodings = 0;
			knownRegions = (
				en,
				Base,
			);
			mainGroup = A7C5097925ACA8BA00CD702D;
			productRefGroup = A7C5098325ACA8BA00CD702D /* Products */;
			projectDirPath = "";
			projectRoot = "";
			targets = (
				A7C5098125ACA8BA00CD702D /* EduFinance */,
				A7C5099725ACA8BE00CD702D /* EduFinanceTests */,
				A7C509A225ACA8BE00CD702D /* EduFinanceUITests */,
			);
		};
/* End PBXProject section */

/* Begin PBXResourcesBuildPhase section */
		A7C5098025ACA8BA00CD702D /* Resources */ = {
			isa = PBXResourcesBuildPhase;
			buildActionMask = 2147483647;
			files = (
				A7C5099225ACA8BE00CD702D /* LaunchScreen.storyboard in Resources */,
				A7C5098F25ACA8BE00CD702D /* Assets.xcassets in Resources */,
				A7C5098D25ACA8BA00CD702D /* Main.storyboard in Resources */,
			);
			runOnlyForDeploymentPostprocessing = 0;
		};
		A7C5099625ACA8BE00CD702D /* Resources */ = {
			isa = PBXResourcesBuildPhase;
			buildActionMask = 2147483647;
			files = (
			);
			runOnlyForDeploymentPostprocessing = 0;
		};
		A7C509A125ACA8BE00CD702D /* Resources */ = {
			isa = PBXResourcesBuildPhase;
			buildActionMask = 2147483647;
			files = (
			);
			runOnlyForDeploymentPostprocessing = 0;
		};
/* End PBXResourcesBuildPhase section */

/* Begin PBXShellScriptBuildPhase section */
		22C14EE005E8C0283A1E99B0 /* [CP] Copy Pods Resources */ = {
			isa = PBXShellScriptBuildPhase;
			buildActionMask = 2147483647;
			files = (
			);
			inputFileListPaths = (
				"${PODS_ROOT}/Target Support Files/Pods-EduFinance/Pods-EduFinance-resources-${CONFIGURATION}-input-files.xcfilelist",
			);
			name = "[CP] Copy Pods Resources";
			outputFileListPaths = (
				"${PODS_ROOT}/Target Support Files/Pods-EduFinance/Pods-EduFinance-resources-${CONFIGURATION}-output-files.xcfilelist",
			);
			runOnlyForDeploymentPostprocessing = 0;
			shellPath = /bin/sh;
			shellScript = "\"${PODS_ROOT}/Target Support Files/Pods-EduFinance/Pods-EduFinance-resources.sh\"\n";
			showEnvVarsInLog = 0;
		};
		89336C47DEA5088F947B4D61 /* [CP] Embed Pods Frameworks */ = {
			isa = PBXShellScriptBuildPhase;
			buildActionMask = 2147483647;
			files = (
			);
			inputFileListPaths = (
				"${PODS_ROOT}/Target Support Files/Pods-EduFinance/Pods-EduFinance-frameworks-${CONFIGURATION}-input-files.xcfilelist",
			);
			name = "[CP] Embed Pods Frameworks";
			outputFileListPaths = (
				"${PODS_ROOT}/Target Support Files/Pods-EduFinance/Pods-EduFinance-frameworks-${CONFIGURATION}-output-files.xcfilelist",
			);
			runOnlyForDeploymentPostprocessing = 0;
			shellPath = /bin/sh;
			shellScript = "\"${PODS_ROOT}/Target Support Files/Pods-EduFinance/Pods-EduFinance-frameworks.sh\"\n";
			showEnvVarsInLog = 0;
		};
		FBDFB2ACA27CF10289B0171B /* [CP] Check Pods Manifest.lock */ = {
			isa = PBXShellScriptBuildPhase;
			buildActionMask = 2147483647;
			files = (
			);
			inputFileListPaths = (
			);
			inputPaths = (
				"${PODS_PODFILE_DIR_PATH}/Podfile.lock",
				"${PODS_ROOT}/Manifest.lock",
			);
			name = "[CP] Check Pods Manifest.lock";
			outputFileListPaths = (
			);
			outputPaths = (
				"$(DERIVED_FILE_DIR)/Pods-EduFinance-checkManifestLockResult.txt",
			);
			runOnlyForDeploymentPostprocessing = 0;
			shellPath = /bin/sh;
			shellScript = "diff \"${PODS_PODFILE_DIR_PATH}/Podfile.lock\" \"${PODS_ROOT}/Manifest.lock\" > /dev/null\nif [ $? != 0 ] ; then\n    # print error to STDERR\n    echo \"error: The sandbox is not in sync with the Podfile.lock. Run 'pod install' or update your CocoaPods installation.\" >&2\n    exit 1\nfi\n# This output is used by Xcode 'outputs' to avoid re-running this script phase.\necho \"SUCCESS\" > \"${SCRIPT_OUTPUT_FILE_0}\"\n";
			showEnvVarsInLog = 0;
		};
/* End PBXShellScriptBuildPhase section */

/* Begin PBXSourcesBuildPhase section */
		A7C5097E25ACA8BA00CD702D /* Sources */ = {
			isa = PBXSourcesBuildPhase;
			buildActionMask = 2147483647;
			files = (
				A7C5098A25ACA8BA00CD702D /* ViewController.swift in Sources */,
				A7C5098625ACA8BA00CD702D /* AppDelegate.swift in Sources */,
				A7C5098825ACA8BA00CD702D /* SceneDelegate.swift in Sources */,
				70F798AD25B8DDDB006BEEF6 /* MyAuthorizationAppleIDButton.swift in Sources */,
			);
			runOnlyForDeploymentPostprocessing = 0;
		};
		A7C5099425ACA8BE00CD702D /* Sources */ = {
			isa = PBXSourcesBuildPhase;
			buildActionMask = 2147483647;
			files = (
				A7C5099D25ACA8BE00CD702D /* EduFinanceTests.swift in Sources */,
			);
			runOnlyForDeploymentPostprocessing = 0;
		};
		A7C5099F25ACA8BE00CD702D /* Sources */ = {
			isa = PBXSourcesBuildPhase;
			buildActionMask = 2147483647;
			files = (
				A7C509A825ACA8BE00CD702D /* EduFinanceUITests.swift in Sources */,
			);
			runOnlyForDeploymentPostprocessing = 0;
		};
/* End PBXSourcesBuildPhase section */

/* Begin PBXTargetDependency section */
		A7C5099A25ACA8BE00CD702D /* PBXTargetDependency */ = {
			isa = PBXTargetDependency;
			target = A7C5098125ACA8BA00CD702D /* EduFinance */;
			targetProxy = A7C5099925ACA8BE00CD702D /* PBXContainerItemProxy */;
		};
		A7C509A525ACA8BE00CD702D /* PBXTargetDependency */ = {
			isa = PBXTargetDependency;
			target = A7C5098125ACA8BA00CD702D /* EduFinance */;
			targetProxy = A7C509A425ACA8BE00CD702D /* PBXContainerItemProxy */;
		};
/* End PBXTargetDependency section */

/* Begin PBXVariantGroup section */
		A7C5098B25ACA8BA00CD702D /* Main.storyboard */ = {
			isa = PBXVariantGroup;
			children = (
				A7C5098C25ACA8BA00CD702D /* Base */,
			);
			name = Main.storyboard;
			sourceTree = "<group>";
		};
		A7C5099025ACA8BE00CD702D /* LaunchScreen.storyboard */ = {
			isa = PBXVariantGroup;
			children = (
				A7C5099125ACA8BE00CD702D /* Base */,
			);
			name = LaunchScreen.storyboard;
			sourceTree = "<group>";
		};
/* End PBXVariantGroup section */

/* Begin XCBuildConfiguration section */
		A7C509AA25ACA8BE00CD702D /* Debug */ = {
			isa = XCBuildConfiguration;
			buildSettings = {
				ALWAYS_SEARCH_USER_PATHS = NO;
				CLANG_ANALYZER_NONNULL = YES;
				CLANG_ANALYZER_NUMBER_OBJECT_CONVERSION = YES_AGGRESSIVE;
				CLANG_CXX_LANGUAGE_STANDARD = "gnu++14";
				CLANG_CXX_LIBRARY = "libc++";
				CLANG_ENABLE_MODULES = YES;
				CLANG_ENABLE_OBJC_ARC = YES;
				CLANG_ENABLE_OBJC_WEAK = YES;
				CLANG_WARN_BLOCK_CAPTURE_AUTORELEASING = YES;
				CLANG_WARN_BOOL_CONVERSION = YES;
				CLANG_WARN_COMMA = YES;
				CLANG_WARN_CONSTANT_CONVERSION = YES;
				CLANG_WARN_DEPRECATED_OBJC_IMPLEMENTATIONS = YES;
				CLANG_WARN_DIRECT_OBJC_ISA_USAGE = YES_ERROR;
				CLANG_WARN_DOCUMENTATION_COMMENTS = YES;
				CLANG_WARN_EMPTY_BODY = YES;
				CLANG_WARN_ENUM_CONVERSION = YES;
				CLANG_WARN_INFINITE_RECURSION = YES;
				CLANG_WARN_INT_CONVERSION = YES;
				CLANG_WARN_NON_LITERAL_NULL_CONVERSION = YES;
				CLANG_WARN_OBJC_IMPLICIT_RETAIN_SELF = YES;
				CLANG_WARN_OBJC_LITERAL_CONVERSION = YES;
				CLANG_WARN_OBJC_ROOT_CLASS = YES_ERROR;
				CLANG_WARN_QUOTED_INCLUDE_IN_FRAMEWORK_HEADER = YES;
				CLANG_WARN_RANGE_LOOP_ANALYSIS = YES;
				CLANG_WARN_STRICT_PROTOTYPES = YES;
				CLANG_WARN_SUSPICIOUS_MOVE = YES;
				CLANG_WARN_UNGUARDED_AVAILABILITY = YES_AGGRESSIVE;
				CLANG_WARN_UNREACHABLE_CODE = YES;
				CLANG_WARN__DUPLICATE_METHOD_MATCH = YES;
				COPY_PHASE_STRIP = NO;
				DEBUG_INFORMATION_FORMAT = dwarf;
				ENABLE_STRICT_OBJC_MSGSEND = YES;
				ENABLE_TESTABILITY = YES;
				GCC_C_LANGUAGE_STANDARD = gnu11;
				GCC_DYNAMIC_NO_PIC = NO;
				GCC_NO_COMMON_BLOCKS = YES;
				GCC_OPTIMIZATION_LEVEL = 0;
				GCC_PREPROCESSOR_DEFINITIONS = (
					"DEBUG=1",
					"$(inherited)",
				);
				GCC_WARN_64_TO_32_BIT_CONVERSION = YES;
				GCC_WARN_ABOUT_RETURN_TYPE = YES_ERROR;
				GCC_WARN_UNDECLARED_SELECTOR = YES;
				GCC_WARN_UNINITIALIZED_AUTOS = YES_AGGRESSIVE;
				GCC_WARN_UNUSED_FUNCTION = YES;
				GCC_WARN_UNUSED_VARIABLE = YES;
				IPHONEOS_DEPLOYMENT_TARGET = 14.3;
				MTL_ENABLE_DEBUG_INFO = INCLUDE_SOURCE;
				MTL_FAST_MATH = YES;
				ONLY_ACTIVE_ARCH = YES;
				SDKROOT = iphoneos;
				SWIFT_ACTIVE_COMPILATION_CONDITIONS = DEBUG;
				SWIFT_OPTIMIZATION_LEVEL = "-Onone";
			};
			name = Debug;
		};
		A7C509AB25ACA8BE00CD702D /* Release */ = {
			isa = XCBuildConfiguration;
			buildSettings = {
				ALWAYS_SEARCH_USER_PATHS = NO;
				CLANG_ANALYZER_NONNULL = YES;
				CLANG_ANALYZER_NUMBER_OBJECT_CONVERSION = YES_AGGRESSIVE;
				CLANG_CXX_LANGUAGE_STANDARD = "gnu++14";
				CLANG_CXX_LIBRARY = "libc++";
				CLANG_ENABLE_MODULES = YES;
				CLANG_ENABLE_OBJC_ARC = YES;
				CLANG_ENABLE_OBJC_WEAK = YES;
				CLANG_WARN_BLOCK_CAPTURE_AUTORELEASING = YES;
				CLANG_WARN_BOOL_CONVERSION = YES;
				CLANG_WARN_COMMA = YES;
				CLANG_WARN_CONSTANT_CONVERSION = YES;
				CLANG_WARN_DEPRECATED_OBJC_IMPLEMENTATIONS = YES;
				CLANG_WARN_DIRECT_OBJC_ISA_USAGE = YES_ERROR;
				CLANG_WARN_DOCUMENTATION_COMMENTS = YES;
				CLANG_WARN_EMPTY_BODY = YES;
				CLANG_WARN_ENUM_CONVERSION = YES;
				CLANG_WARN_INFINITE_RECURSION = YES;
				CLANG_WARN_INT_CONVERSION = YES;
				CLANG_WARN_NON_LITERAL_NULL_CONVERSION = YES;
				CLANG_WARN_OBJC_IMPLICIT_RETAIN_SELF = YES;
				CLANG_WARN_OBJC_LITERAL_CONVERSION = YES;
				CLANG_WARN_OBJC_ROOT_CLASS = YES_ERROR;
				CLANG_WARN_QUOTED_INCLUDE_IN_FRAMEWORK_HEADER = YES;
				CLANG_WARN_RANGE_LOOP_ANALYSIS = YES;
				CLANG_WARN_STRICT_PROTOTYPES = YES;
				CLANG_WARN_SUSPICIOUS_MOVE = YES;
				CLANG_WARN_UNGUARDED_AVAILABILITY = YES_AGGRESSIVE;
				CLANG_WARN_UNREACHABLE_CODE = YES;
				CLANG_WARN__DUPLICATE_METHOD_MATCH = YES;
				COPY_PHASE_STRIP = NO;
				DEBUG_INFORMATION_FORMAT = "dwarf-with-dsym";
				ENABLE_NS_ASSERTIONS = NO;
				ENABLE_STRICT_OBJC_MSGSEND = YES;
				GCC_C_LANGUAGE_STANDARD = gnu11;
				GCC_NO_COMMON_BLOCKS = YES;
				GCC_WARN_64_TO_32_BIT_CONVERSION = YES;
				GCC_WARN_ABOUT_RETURN_TYPE = YES_ERROR;
				GCC_WARN_UNDECLARED_SELECTOR = YES;
				GCC_WARN_UNINITIALIZED_AUTOS = YES_AGGRESSIVE;
				GCC_WARN_UNUSED_FUNCTION = YES;
				GCC_WARN_UNUSED_VARIABLE = YES;
				IPHONEOS_DEPLOYMENT_TARGET = 14.3;
				MTL_ENABLE_DEBUG_INFO = NO;
				MTL_FAST_MATH = YES;
				SDKROOT = iphoneos;
				SWIFT_COMPILATION_MODE = wholemodule;
				SWIFT_OPTIMIZATION_LEVEL = "-O";
				VALIDATE_PRODUCT = YES;
			};
			name = Release;
		};
		A7C509AD25ACA8BE00CD702D /* Debug */ = {
			isa = XCBuildConfiguration;
			buildSettings = {
				ASSETCATALOG_COMPILER_APPICON_NAME = AppIcon;
				ASSETCATALOG_COMPILER_GLOBAL_ACCENT_COLOR_NAME = AccentColor;
				CODE_SIGN_ENTITLEMENTS = EduFinance/EduFinance.entitlements;
				CODE_SIGN_STYLE = Automatic;
				DEVELOPMENT_TEAM = A2JW9DJC7T;
				INFOPLIST_FILE = EduFinance/Info.plist;
				LD_RUNPATH_SEARCH_PATHS = (
					"$(inherited)",
					"@executable_path/Frameworks",
				);
				PRODUCT_BUNDLE_IDENTIFIER = com.PracticumIT.EduFinance;
				PRODUCT_NAME = "$(TARGET_NAME)";
				SWIFT_VERSION = 5.0;
				TARGETED_DEVICE_FAMILY = "1,2";
			};
			name = Debug;
		};
		A7C509AE25ACA8BE00CD702D /* Release */ = {
			isa = XCBuildConfiguration;
			buildSettings = {
				ASSETCATALOG_COMPILER_APPICON_NAME = AppIcon;
				ASSETCATALOG_COMPILER_GLOBAL_ACCENT_COLOR_NAME = AccentColor;
				CODE_SIGN_ENTITLEMENTS = EduFinance/EduFinance.entitlements;
				CODE_SIGN_STYLE = Automatic;
				DEVELOPMENT_TEAM = A2JW9DJC7T;
				INFOPLIST_FILE = EduFinance/Info.plist;
				LD_RUNPATH_SEARCH_PATHS = (
					"$(inherited)",
					"@executable_path/Frameworks",
				);
				PRODUCT_BUNDLE_IDENTIFIER = com.PracticumIT.EduFinance;
				PRODUCT_NAME = "$(TARGET_NAME)";
				SWIFT_VERSION = 5.0;
				TARGETED_DEVICE_FAMILY = "1,2";
			};
			name = Release;
		};
		A7C509B025ACA8BE00CD702D /* Debug */ = {
			isa = XCBuildConfiguration;
			buildSettings = {
				ALWAYS_EMBED_SWIFT_STANDARD_LIBRARIES = YES;
				BUNDLE_LOADER = "$(TEST_HOST)";
				CODE_SIGN_STYLE = Automatic;
				INFOPLIST_FILE = EduFinanceTests/Info.plist;
				IPHONEOS_DEPLOYMENT_TARGET = 14.3;
				LD_RUNPATH_SEARCH_PATHS = (
					"$(inherited)",
					"@executable_path/Frameworks",
					"@loader_path/Frameworks",
				);
				PRODUCT_BUNDLE_IDENTIFIER = Pramith.EduFinanceTests;
				PRODUCT_NAME = "$(TARGET_NAME)";
				SWIFT_VERSION = 5.0;
				TARGETED_DEVICE_FAMILY = "1,2";
				TEST_HOST = "$(BUILT_PRODUCTS_DIR)/EduFinance.app/EduFinance";
			};
			name = Debug;
		};
		A7C509B125ACA8BE00CD702D /* Release */ = {
			isa = XCBuildConfiguration;
			buildSettings = {
				ALWAYS_EMBED_SWIFT_STANDARD_LIBRARIES = YES;
				BUNDLE_LOADER = "$(TEST_HOST)";
				CODE_SIGN_STYLE = Automatic;
				INFOPLIST_FILE = EduFinanceTests/Info.plist;
				IPHONEOS_DEPLOYMENT_TARGET = 14.3;
				LD_RUNPATH_SEARCH_PATHS = (
					"$(inherited)",
					"@executable_path/Frameworks",
					"@loader_path/Frameworks",
				);
				PRODUCT_BUNDLE_IDENTIFIER = Pramith.EduFinanceTests;
				PRODUCT_NAME = "$(TARGET_NAME)";
				SWIFT_VERSION = 5.0;
				TARGETED_DEVICE_FAMILY = "1,2";
				TEST_HOST = "$(BUILT_PRODUCTS_DIR)/EduFinance.app/EduFinance";
			};
			name = Release;
		};
		A7C509B325ACA8BE00CD702D /* Debug */ = {
			isa = XCBuildConfiguration;
			buildSettings = {
				ALWAYS_EMBED_SWIFT_STANDARD_LIBRARIES = YES;
				CODE_SIGN_STYLE = Automatic;
				INFOPLIST_FILE = EduFinanceUITests/Info.plist;
				LD_RUNPATH_SEARCH_PATHS = (
					"$(inherited)",
					"@executable_path/Frameworks",
					"@loader_path/Frameworks",
				);
				PRODUCT_BUNDLE_IDENTIFIER = Pramith.EduFinanceUITests;
				PRODUCT_NAME = "$(TARGET_NAME)";
				SWIFT_VERSION = 5.0;
				TARGETED_DEVICE_FAMILY = "1,2";
				TEST_TARGET_NAME = EduFinance;
			};
			name = Debug;
		};
		A7C509B425ACA8BE00CD702D /* Release */ = {
			isa = XCBuildConfiguration;
			buildSettings = {
				ALWAYS_EMBED_SWIFT_STANDARD_LIBRARIES = YES;
				CODE_SIGN_STYLE = Automatic;
				INFOPLIST_FILE = EduFinanceUITests/Info.plist;
				LD_RUNPATH_SEARCH_PATHS = (
					"$(inherited)",
					"@executable_path/Frameworks",
					"@loader_path/Frameworks",
				);
				PRODUCT_BUNDLE_IDENTIFIER = Pramith.EduFinanceUITests;
				PRODUCT_NAME = "$(TARGET_NAME)";
				SWIFT_VERSION = 5.0;
				TARGETED_DEVICE_FAMILY = "1,2";
				TEST_TARGET_NAME = EduFinance;
			};
			name = Release;
		};
/* End XCBuildConfiguration section */

/* Begin XCConfigurationList section */
		A7C5097D25ACA8BA00CD702D /* Build configuration list for PBXProject "EduFinance 10.47.16 PM" */ = {
			isa = XCConfigurationList;
			buildConfigurations = (
				A7C509AA25ACA8BE00CD702D /* Debug */,
				A7C509AB25ACA8BE00CD702D /* Release */,
			);
			defaultConfigurationIsVisible = 0;
			defaultConfigurationName = Release;
		};
		A7C509AC25ACA8BE00CD702D /* Build configuration list for PBXNativeTarget "EduFinance" */ = {
			isa = XCConfigurationList;
			buildConfigurations = (
				A7C509AD25ACA8BE00CD702D /* Debug */,
				A7C509AE25ACA8BE00CD702D /* Release */,
			);
			defaultConfigurationIsVisible = 0;
			defaultConfigurationName = Release;
		};
		A7C509AF25ACA8BE00CD702D /* Build configuration list for PBXNativeTarget "EduFinanceTests" */ = {
			isa = XCConfigurationList;
			buildConfigurations = (
				A7C509B025ACA8BE00CD702D /* Debug */,
				A7C509B125ACA8BE00CD702D /* Release */,
			);
			defaultConfigurationIsVisible = 0;
			defaultConfigurationName = Release;
		};
		A7C509B225ACA8BE00CD702D /* Build configuration list for PBXNativeTarget "EduFinanceUITests" */ = {
			isa = XCConfigurationList;
			buildConfigurations = (
				A7C509B325ACA8BE00CD702D /* Debug */,
				A7C509B425ACA8BE00CD702D /* Release */,
			);
			defaultConfigurationIsVisible = 0;
			defaultConfigurationName = Release;
		};
/* End XCConfigurationList section */
	};
	rootObject = A7C5097A25ACA8BA00CD702D /* Project object */;
}
